
Microsoft Visual Studio Solution File, Format Version 12.00
# Visual Studio 15
VisualStudioVersion = 15.0.28307.168
MinimumVisualStudioVersion = 10.0.40219.1
Project("{FAE04EC0-301F-11D3-BF4B-00C04F79EFBC}") = "MYLOVE", "MYLOVE\MYLOVE.csproj", "{0ADCCEF5-59C3-41F7-AD2D-3718954B5751}"
EndProject
Global
	GlobalSection(SolutionConfigurationPlatforms) = preSolution
		Debug|Any CPU = Debug|Any CPU
		Release|Any CPU = Release|Any CPU
	EndGlobalSection
	GlobalSection(ProjectConfigurationPlatforms) = postSolution
		{0ADCCEF5-59C3-41F7-AD2D-3718954B5751}.Debug|Any CPU.ActiveCfg = Debug|Any CPU
		{0ADCCEF5-59C3-41F7-AD2D-3718954B5751}.Debug|Any CPU.Build.0 = Debug|Any CPU
		{0ADCCEF5-59C3-41F7-AD2D-3718954B5751}.Release|Any CPU.ActiveCfg = Release|Any CPU
		{0ADCCEF5-59C3-41F7-AD2D-3718954B5751}.Release|Any CPU.Build.0 = Release|Any CPU
	EndGlobalSection
	GlobalSection(SolutionProperties) = preSolution
		HideSolutionNode = FALSE
	EndGlobalSection
	GlobalSection(ExtensibilityGlobals) = postSolution
		SolutionGuid = {987DC17C-5052-4D16-90C7-F01F4C306104}
	EndGlobalSection
EndGlobal
